
Microsoft Visual Studio Solution File, Format Version 12.00
# Visual Studio Version 17
VisualStudioVersion = 17.7.34018.315
MinimumVisualStudioVersion = 10.0.40219.1
Project("{FAE04EC0-301F-11D3-BF4B-00C04F79EFBC}") = "switchanidado", "switchanidado\switchanidado.csproj", "{5E00FD40-6D9E-4789-B8D6-BD08F24B6EED}"
EndProject
Global
	GlobalSection(SolutionConfigurationPlatforms) = preSolution
		Debug|Any CPU = Debug|Any CPU
		Release|Any CPU = Release|Any CPU
	EndGlobalSection
	GlobalSection(ProjectConfigurationPlatforms) = postSolution
		{5E00FD40-6D9E-4789-B8D6-BD08F24B6EED}.Debug|Any CPU.ActiveCfg = Debug|Any CPU
		{5E00FD40-6D9E-4789-B8D6-BD08F24B6EED}.Debug|Any CPU.Build.0 = Debug|Any CPU
		{5E00FD40-6D9E-4789-B8D6-BD08F24B6EED}.Release|Any CPU.ActiveCfg = Release|Any CPU
		{5E00FD40-6D9E-4789-B8D6-BD08F24B6EED}.Release|Any CPU.Build.0 = Release|Any CPU
	EndGlobalSection
	GlobalSection(SolutionProperties) = preSolution
		HideSolutionNode = FALSE
	EndGlobalSection
	GlobalSection(ExtensibilityGlobals) = postSolution
		SolutionGuid = {7BBDA85F-705E-472E-8B7D-09AE3678D31F}
	EndGlobalSection
EndGlobal
